// !$*UTF8*$!
{
	archiveVersion = 1;
	classes = {
	};
	objectVersion = 52;
	objects = {

/* Begin PBXBuildFile section */
		3087DD621D53D01800C8C327 /* main.m in Sources */ = {isa = PBXBuildFile; fileRef = 3087DD611D53D01800C8C327 /* main.m */; };
		3087DD651D53D01800C8C327 /* AppDelegate.m in Sources */ = {isa = PBXBuildFile; fileRef = 3087DD641D53D01800C8C327 /* AppDelegate.m */; };
		3087DD681D53D01800C8C327 /* ViewController.m in Sources */ = {isa = PBXBuildFile; fileRef = 3087DD671D53D01800C8C327 /* ViewController.m */; };
		3087DD6D1D53D01800C8C327 /* Assets.xcassets in Resources */ = {isa = PBXBuildFile; fileRef = 3087DD6C1D53D01800C8C327 /* Assets.xcassets */; };
		3087DD701D53D01800C8C327 /* LaunchScreen.storyboard in Resources */ = {isa = PBXBuildFile; fileRef = 3087DD6E1D53D01800C8C327 /* LaunchScreen.storyboard */; };
		3A2DA7A825BB277800A99873 /* ASAPPSDK.xcframework in Frameworks */ = {isa = PBXBuildFile; fileRef = 3A2DA7A725BB277800A99873 /* ASAPPSDK.xcframework */; };
		3A2DA7A925BB277800A99873 /* ASAPPSDK.xcframework in Embed Frameworks */ = {isa = PBXBuildFile; fileRef = 3A2DA7A725BB277800A99873 /* ASAPPSDK.xcframework */; settings = {ATTRIBUTES = (RemoveHeadersOnCopy, ); }; };
/* End PBXBuildFile section */

/* Begin PBXCopyFilesBuildPhase section */
		3A2DA7AA25BB277800A99873 /* Embed Frameworks */ = {
			isa = PBXCopyFilesBuildPhase;
			buildActionMask = 2147483647;
			dstPath = "";
			dstSubfolderSpec = 10;
			files = (
				3A2DA7A925BB277800A99873 /* ASAPPSDK.xcframework in Embed Frameworks */,
			);
			name = "Embed Frameworks";
			runOnlyForDeploymentPostprocessing = 0;
		};
/* End PBXCopyFilesBuildPhase section */

/* Begin PBXFileReference section */
		3087DD5D1D53D01800C8C327 /* ASAPPChatDemoObjC.app */ = {isa = PBXFileReference; explicitFileType = wrapper.application; includeInIndex = 0; path = ASAPPChatDemoObjC.app; sourceTree = BUILT_PRODUCTS_DIR; };
		3087DD611D53D01800C8C327 /* main.m */ = {isa = PBXFileReference; lastKnownFileType = sourcecode.c.objc; path = main.m; sourceTree = "<group>"; };
		3087DD631D53D01800C8C327 /* AppDelegate.h */ = {isa = PBXFileReference; lastKnownFileType = sourcecode.c.h; path = AppDelegate.h; sourceTree = "<group>"; };
		3087DD641D53D01800C8C327 /* AppDelegate.m */ = {isa = PBXFileReference; lastKnownFileType = sourcecode.c.objc; path = AppDelegate.m; sourceTree = "<group>"; };
		3087DD661D53D01800C8C327 /* ViewController.h */ = {isa = PBXFileReference; lastKnownFileType = sourcecode.c.h; path = ViewController.h; sourceTree = "<group>"; };
		3087DD671D53D01800C8C327 /* ViewController.m */ = {isa = PBXFileReference; lastKnownFileType = sourcecode.c.objc; path = ViewController.m; sourceTree = "<group>"; };
		3087DD6C1D53D01800C8C327 /* Assets.xcassets */ = {isa = PBXFileReference; lastKnownFileType = folder.assetcatalog; path = Assets.xcassets; sourceTree = "<group>"; };
		3087DD6F1D53D01800C8C327 /* Base */ = {isa = PBXFileReference; lastKnownFileType = file.storyboard; name = Base; path = Base.lproj/LaunchScreen.storyboard; sourceTree = "<group>"; };
		3087DD711D53D01800C8C327 /* Info.plist */ = {isa = PBXFileReference; lastKnownFileType = text.plist.xml; path = Info.plist; sourceTree = "<group>"; };
		3A2DA7A725BB277800A99873 /* ASAPPSDK.xcframework */ = {isa = PBXFileReference; lastKnownFileType = wrapper.xcframework; name = ASAPPSDK.xcframework; path = "../with bitcode/dynamic/ASAPPSDK.xcframework"; sourceTree = "<group>"; };
/* End PBXFileReference section */

/* Begin PBXFrameworksBuildPhase section */
		3087DD5A1D53D01800C8C327 /* Frameworks */ = {
			isa = PBXFrameworksBuildPhase;
			buildActionMask = 2147483647;
			files = (
				3A2DA7A825BB277800A99873 /* ASAPPSDK.xcframework in Frameworks */,
			);
			runOnlyForDeploymentPostprocessing = 0;
		};
/* End PBXFrameworksBuildPhase section */

/* Begin PBXGroup section */
		3087DD541D53D01800C8C327 = {
			isa = PBXGroup;
			children = (
				3087DD5F1D53D01800C8C327 /* ASAPPChatDemoObjC */,
				3087DD5E1D53D01800C8C327 /* Products */,
				8F576567A0D763181C23AD6A /* Frameworks */,
			);
			sourceTree = "<group>";
		};
		3087DD5E1D53D01800C8C327 /* Products */ = {
			isa = PBXGroup;
			children = (
				3087DD5D1D53D01800C8C327 /* ASAPPChatDemoObjC.app */,
			);
			name = Products;
			sourceTree = "<group>";
		};
		3087DD5F1D53D01800C8C327 /* ASAPPChatDemoObjC */ = {
			isa = PBXGroup;
			children = (
				3087DD631D53D01800C8C327 /* AppDelegate.h */,
				3087DD641D53D01800C8C327 /* AppDelegate.m */,
				3087DD661D53D01800C8C327 /* ViewController.h */,
				3087DD671D53D01800C8C327 /* ViewController.m */,
				3087DD6C1D53D01800C8C327 /* Assets.xcassets */,
				3087DD6E1D53D01800C8C327 /* LaunchScreen.storyboard */,
				3087DD711D53D01800C8C327 /* Info.plist */,
				3087DD601D53D01800C8C327 /* Supporting Files */,
			);
			path = ASAPPChatDemoObjC;
			sourceTree = "<group>";
		};
		3087DD601D53D01800C8C327 /* Supporting Files */ = {
			isa = PBXGroup;
			children = (
				3087DD611D53D01800C8C327 /* main.m */,
			);
			name = "Supporting Files";
			sourceTree = "<group>";
		};
		8F576567A0D763181C23AD6A /* Frameworks */ = {
			isa = PBXGroup;
			children = (
				3A2DA7A725BB277800A99873 /* ASAPPSDK.xcframework */,
			);
			name = Frameworks;
			sourceTree = "<group>";
		};
/* End PBXGroup section */

/* Begin PBXNativeTarget section */
		3087DD5C1D53D01800C8C327 /* ASAPPChatDemoObjC */ = {
			isa = PBXNativeTarget;
			buildConfigurationList = 3087DD741D53D01800C8C327 /* Build configuration list for PBXNativeTarget "ASAPPChatDemoObjC" */;
			buildPhases = (
				3087DD591D53D01800C8C327 /* Sources */,
				3087DD5A1D53D01800C8C327 /* Frameworks */,
				3087DD5B1D53D01800C8C327 /* Resources */,
				30A515451D9DADBA00FB6C1E /* ShellScript */,
				3A2DA7AA25BB277800A99873 /* Embed Frameworks */,
			);
			buildRules = (
			);
			dependencies = (
			);
			name = ASAPPChatDemoObjC;
			productName = ASAPPChatDemoObjC;
			productReference = 3087DD5D1D53D01800C8C327 /* ASAPPChatDemoObjC.app */;
			productType = "com.apple.product-type.application";
		};
/* End PBXNativeTarget section */

/* Begin PBXProject section */
		3087DD551D53D01800C8C327 /* Project object */ = {
			isa = PBXProject;
			attributes = {
				LastUpgradeCheck = 0800;
				ORGANIZATIONNAME = "ASAPP, Inc";
				TargetAttributes = {
					3087DD5C1D53D01800C8C327 = {
						CreatedOnToolsVersion = 7.3.1;
						DevelopmentTeam = DEGEC37KNQ;
						LastSwiftMigration = 0800;
					};
				};
			};
			buildConfigurationList = 3087DD581D53D01800C8C327 /* Build configuration list for PBXProject "ASAPPChatDemoObjC" */;
			compatibilityVersion = "Xcode 3.2";
			developmentRegion = English;
			hasScannedForEncodings = 0;
			knownRegions = (
				English,
				en,
				Base,
			);
			mainGroup = 3087DD541D53D01800C8C327;
			productRefGroup = 3087DD5E1D53D01800C8C327 /* Products */;
			projectDirPath = "";
			projectRoot = "";
			targets = (
				3087DD5C1D53D01800C8C327 /* ASAPPChatDemoObjC */,
			);
		};
/* End PBXProject section */

/* Begin PBXResourcesBuildPhase section */
		3087DD5B1D53D01800C8C327 /* Resources */ = {
			isa = PBXResourcesBuildPhase;
			buildActionMask = 2147483647;
			files = (
				3087DD701D53D01800C8C327 /* LaunchScreen.storyboard in Resources */,
				3087DD6D1D53D01800C8C327 /* Assets.xcassets in Resources */,
			);
			runOnlyForDeploymentPostprocessing = 0;
		};
/* End PBXResourcesBuildPhase section */

/* Begin PBXShellScriptBuildPhase section */
		30A515451D9DADBA00FB6C1E /* ShellScript */ = {
			isa = PBXShellScriptBuildPhase;
			buildActionMask = 2147483647;
			files = (
			);
			inputPaths = (
			);
			outputPaths = (
			);
			runOnlyForDeploymentPostprocessing = 0;
			shellPath = /bin/sh;
			shellScript = "APP_PATH=\"${TARGET_BUILD_DIR}/${WRAPPER_NAME}\"\n\n# This script loops through the frameworks embedded in the application and\n# removes unused architectures.\nfind \"$APP_PATH\" -name '*.framework' -type d | while read -r FRAMEWORK\ndo\nFRAMEWORK_EXECUTABLE_NAME=$(defaults read \"$FRAMEWORK/Info.plist\" CFBundleExecutable)\nFRAMEWORK_EXECUTABLE_PATH=\"$FRAMEWORK/$FRAMEWORK_EXECUTABLE_NAME\"\necho \"Executable is $FRAMEWORK_EXECUTABLE_PATH\"\n\nEXTRACTED_ARCHS=()\n\nfor ARCH in $ARCHS\ndo\necho \"Extracting $ARCH from $FRAMEWORK_EXECUTABLE_NAME\"\nlipo -extract \"$ARCH\" \"$FRAMEWORK_EXECUTABLE_PATH\" -o \"$FRAMEWORK_EXECUTABLE_PATH-$ARCH\"\nEXTRACTED_ARCHS+=(\"$FRAMEWORK_EXECUTABLE_PATH-$ARCH\")\ndone\n\necho \"Merging extracted architectures: ${ARCHS}\"\nlipo -o \"$FRAMEWORK_EXECUTABLE_PATH-merged\" -create \"${EXTRACTED_ARCHS[@]}\"\nrm \"${EXTRACTED_ARCHS[@]}\"\n\necho \"Replacing original executable with thinned version\"\nrm \"$FRAMEWORK_EXECUTABLE_PATH\"\nmv \"$FRAMEWORK_EXECUTABLE_PATH-merged\" \"$FRAMEWORK_EXECUTABLE_PATH\"\n\ndone\n";
		};
/* End PBXShellScriptBuildPhase section */

/* Begin PBXSourcesBuildPhase section */
		3087DD591D53D01800C8C327 /* Sources */ = {
			isa = PBXSourcesBuildPhase;
			buildActionMask = 2147483647;
			files = (
				3087DD681D53D01800C8C327 /* ViewController.m in Sources */,
				3087DD651D53D01800C8C327 /* AppDelegate.m in Sources */,
				3087DD621D53D01800C8C327 /* main.m in Sources */,
			);
			runOnlyForDeploymentPostprocessing = 0;
		};
/* End PBXSourcesBuildPhase section */

/* Begin PBXVariantGroup section */
		3087DD6E1D53D01800C8C327 /* LaunchScreen.storyboard */ = {
			isa = PBXVariantGroup;
			children = (
				3087DD6F1D53D01800C8C327 /* Base */,
			);
			name = LaunchScreen.storyboard;
			sourceTree = "<group>";
		};
/* End PBXVariantGroup section */

/* Begin XCBuildConfiguration section */
		3087DD721D53D01800C8C327 /* Debug */ = {
			isa = XCBuildConfiguration;
			buildSettings = {
				ALWAYS_SEARCH_USER_PATHS = NO;
				CLANG_ANALYZER_NONNULL = YES;
				CLANG_CXX_LANGUAGE_STANDARD = "gnu++0x";
				CLANG_CXX_LIBRARY = "libc++";
				CLANG_ENABLE_MODULES = YES;
				CLANG_ENABLE_OBJC_ARC = YES;
				CLANG_WARN_BOOL_CONVERSION = YES;
				CLANG_WARN_CONSTANT_CONVERSION = YES;
				CLANG_WARN_DIRECT_OBJC_ISA_USAGE = YES_ERROR;
				CLANG_WARN_EMPTY_BODY = YES;
				CLANG_WARN_ENUM_CONVERSION = YES;
				CLANG_WARN_INFINITE_RECURSION = YES;
				CLANG_WARN_INT_CONVERSION = YES;
				CLANG_WARN_OBJC_ROOT_CLASS = YES_ERROR;
				CLANG_WARN_SUSPICIOUS_MOVE = YES;
				CLANG_WARN_UNREACHABLE_CODE = YES;
				CLANG_WARN__DUPLICATE_METHOD_MATCH = YES;
				"CODE_SIGN_IDENTITY[sdk=iphoneos*]" = "iPhone Developer";
				COPY_PHASE_STRIP = NO;
				DEBUG_INFORMATION_FORMAT = dwarf;
				ENABLE_STRICT_OBJC_MSGSEND = YES;
				ENABLE_TESTABILITY = YES;
				GCC_C_LANGUAGE_STANDARD = gnu99;
				GCC_DYNAMIC_NO_PIC = NO;
				GCC_NO_COMMON_BLOCKS = YES;
				GCC_OPTIMIZATION_LEVEL = 0;
				GCC_PREPROCESSOR_DEFINITIONS = (
					"DEBUG=1",
					"$(inherited)",
				);
				GCC_WARN_64_TO_32_BIT_CONVERSION = YES;
				GCC_WARN_ABOUT_RETURN_TYPE = YES_ERROR;
				GCC_WARN_UNDECLARED_SELECTOR = YES;
				GCC_WARN_UNINITIALIZED_AUTOS = YES_AGGRESSIVE;
				GCC_WARN_UNUSED_FUNCTION = YES;
				GCC_WARN_UNUSED_VARIABLE = YES;
				IPHONEOS_DEPLOYMENT_TARGET = 9.3;
				MTL_ENABLE_DEBUG_INFO = YES;
				ONLY_ACTIVE_ARCH = YES;
				SDKROOT = iphoneos;
				TARGETED_DEVICE_FAMILY = "1,2";
			};
			name = Debug;
		};
		3087DD731D53D01800C8C327 /* Release */ = {
			isa = XCBuildConfiguration;
			buildSettings = {
				ALWAYS_SEARCH_USER_PATHS = NO;
				CLANG_ANALYZER_NONNULL = YES;
				CLANG_CXX_LANGUAGE_STANDARD = "gnu++0x";
				CLANG_CXX_LIBRARY = "libc++";
				CLANG_ENABLE_MODULES = YES;
				CLANG_ENABLE_OBJC_ARC = YES;
				CLANG_WARN_BOOL_CONVERSION = YES;
				CLANG_WARN_CONSTANT_CONVERSION = YES;
				CLANG_WARN_DIRECT_OBJC_ISA_USAGE = YES_ERROR;
				CLANG_WARN_EMPTY_BODY = YES;
				CLANG_WARN_ENUM_CONVERSION = YES;
				CLANG_WARN_INFINITE_RECURSION = YES;
				CLANG_WARN_INT_CONVERSION = YES;
				CLANG_WARN_OBJC_ROOT_CLASS = YES_ERROR;
				CLANG_WARN_SUSPICIOUS_MOVE = YES;
				CLANG_WARN_UNREACHABLE_CODE = YES;
				CLANG_WARN__DUPLICATE_METHOD_MATCH = YES;
				"CODE_SIGN_IDENTITY[sdk=iphoneos*]" = "iPhone Developer";
				COPY_PHASE_STRIP = NO;
				DEBUG_INFORMATION_FORMAT = "dwarf-with-dsym";
				ENABLE_NS_ASSERTIONS = NO;
				ENABLE_STRICT_OBJC_MSGSEND = YES;
				GCC_C_LANGUAGE_STANDARD = gnu99;
				GCC_NO_COMMON_BLOCKS = YES;
				GCC_WARN_64_TO_32_BIT_CONVERSION = YES;
				GCC_WARN_ABOUT_RETURN_TYPE = YES_ERROR;
				GCC_WARN_UNDECLARED_SELECTOR = YES;
				GCC_WARN_UNINITIALIZED_AUTOS = YES_AGGRESSIVE;
				GCC_WARN_UNUSED_FUNCTION = YES;
				GCC_WARN_UNUSED_VARIABLE = YES;
				IPHONEOS_DEPLOYMENT_TARGET = 9.3;
				MTL_ENABLE_DEBUG_INFO = NO;
				SDKROOT = iphoneos;
				TARGETED_DEVICE_FAMILY = "1,2";
				VALIDATE_PRODUCT = YES;
			};
			name = Release;
		};
		3087DD751D53D01800C8C327 /* Debug */ = {
			isa = XCBuildConfiguration;
			buildSettings = {
				ASSETCATALOG_COMPILER_APPICON_NAME = AppIcon;
				CODE_SIGN_IDENTITY = "iPhone Developer";
				"CODE_SIGN_IDENTITY[sdk=iphoneos*]" = "iPhone Developer";
				DEVELOPMENT_TEAM = DEGEC37KNQ;
				FRAMEWORK_SEARCH_PATHS = (
					"$(inherited)",
					"$(PROJECT_DIR)",
					"$(PROJECT_DIR)/../",
				);
				INFOPLIST_FILE = ASAPPChatDemoObjC/Info.plist;
				IPHONEOS_DEPLOYMENT_TARGET = 12.0;
				LD_RUNPATH_SEARCH_PATHS = (
					"$(inherited)",
					"@executable_path/Frameworks",
				);
				ONLY_ACTIVE_ARCH = YES;
				PRODUCT_BUNDLE_IDENTIFIER = com.asappinc.ASAPPSDKAppObjC;
				PRODUCT_NAME = "$(TARGET_NAME)";
				PROVISIONING_PROFILE = "";
				SWIFT_VERSION = 5.0;
			};
			name = Debug;
		};
		3087DD761D53D01800C8C327 /* Release */ = {
			isa = XCBuildConfiguration;
			buildSettings = {
				ASSETCATALOG_COMPILER_APPICON_NAME = AppIcon;
				CODE_SIGN_IDENTITY = "iPhone Developer";
				"CODE_SIGN_IDENTITY[sdk=iphoneos*]" = "iPhone Developer";
				DEVELOPMENT_TEAM = DEGEC37KNQ;
				FRAMEWORK_SEARCH_PATHS = (
					"$(inherited)",
					"$(PROJECT_DIR)",
					"$(PROJECT_DIR)/../",
				);
				INFOPLIST_FILE = ASAPPChatDemoObjC/Info.plist;
				IPHONEOS_DEPLOYMENT_TARGET = 12.0;
				LD_RUNPATH_SEARCH_PATHS = (
					"$(inherited)",
					"@executable_path/Frameworks",
				);
				ONLY_ACTIVE_ARCH = NO;
				PRODUCT_BUNDLE_IDENTIFIER = com.asappinc.ASAPPSDKAppObjC;
				PRODUCT_NAME = "$(TARGET_NAME)";
				PROVISIONING_PROFILE = "";
				PROVISIONING_PROFILE_SPECIFIER = "";
				SWIFT_VERSION = 5.0;
			};
			name = Release;
		};
/* End XCBuildConfiguration section */

/* Begin XCConfigurationList section */
		3087DD581D53D01800C8C327 /* Build configuration list for PBXProject "ASAPPChatDemoObjC" */ = {
			isa = XCConfigurationList;
			buildConfigurations = (
				3087DD721D53D01800C8C327 /* Debug */,
				3087DD731D53D01800C8C327 /* Release */,
			);
			defaultConfigurationIsVisible = 0;
			defaultConfigurationName = Release;
		};
		3087DD741D53D01800C8C327 /* Build configuration list for PBXNativeTarget "ASAPPChatDemoObjC" */ = {
			isa = XCConfigurationList;
			buildConfigurations = (
				3087DD751D53D01800C8C327 /* Debug */,
				3087DD761D53D01800C8C327 /* Release */,
			);
			defaultConfigurationIsVisible = 0;
			defaultConfigurationName = Release;
		};
/* End XCConfigurationList section */
	};
	rootObject = 3087DD551D53D01800C8C327 /* Project object */;
}
